dependencies:
- name: common
  repository: https://charts.bitnami.com/bitnami
  version: 1.17.1
- name: airbyte-bootloader
  repository: https://airbytehq.github.io/helm-charts/
  version: 0.49.23
- name: temporal
  repository: https://airbytehq.github.io/helm-charts/
  version: 0.49.23
- name: webapp
  repository: https://airbytehq.github.io/helm-charts/
  version: 0.49.23
- name: server
  repository: https://airbytehq.github.io/helm-charts/
  version: 0.49.23
- name: airbyte-api-server
  repository: https://airbytehq.github.io/helm-charts/
  version: 0.49.23
- name: worker
  repository: https://airbytehq.github.io/helm-charts/
  version: 0.49.23
- name: pod-sweeper
  repository: https://airbytehq.github.io/helm-charts/
  version: 0.49.23
- name: metrics
  repository: https://airbytehq.github.io/helm-charts/
  version: 0.49.23
- name: cron
  repository: https://airbytehq.github.io/helm-charts/
  version: 0.49.23
- name: connector-builder-server
  repository: https://airbytehq.github.io/helm-charts/
  version: 0.49.23
- name: keycloak
  repository: https://airbytehq.github.io/helm-charts/
  version: 0.49.23
- name: keycloak-setup
  repository: https://airbytehq.github.io/helm-charts/
  version: 0.49.23
- name: traefik
  repository: https://helm.traefik.io/traefik
  version: 10.24.0
digest: sha256:377844d90c8399c4184d619c6f49aba1de60bc7385ff8a8402b1fa6e6b0b4327
generated: "2023-11-14T09:42:20.025658+02:00"
